// !$*UTF8*$!
{
	archiveVersion = 1;
	classes = {
	};
	objectVersion = 46;
	objects = {

/* Begin PBXBuildFile section */
		5E7F8848149CB93300F1DC50 /* main.c in Sources */ = {isa = PBXBuildFile; fileRef = 5E7F8847149CB93300F1DC50 /* main.c */; };
		5E7F884A149CB93300F1DC50 /* Wake_on_LAN.1 in CopyFiles */ = {isa = PBXBuildFile; fileRef = 5E7F8849149CB93300F1DC50 /* Wake_on_LAN.1 */; };
		5E7F8851149CB9E800F1DC50 /* wol.c in Sources */ = {isa = PBXBuildFile; fileRef = 5E7F8850149CB9E800F1DC50 /* wol.c */; };
/* End PBXBuildFile section */

/* Begin PBXCopyFilesBuildPhase section */
		5E7F8841149CB93300F1DC50 /* CopyFiles */ = {
			isa = PBXCopyFilesBuildPhase;
			buildActionMask = 2147483647;
			dstPath = /usr/share/man/man1/;
			dstSubfolderSpec = 0;
			files = (
				5E7F884A149CB93300F1DC50 /* Wake_on_LAN.1 in CopyFiles */,
			);
			runOnlyForDeploymentPostprocessing = 1;
		};
/* End PBXCopyFilesBuildPhase section */

/* Begin PBXFileReference section */
		5E7F8843149CB93300F1DC50 /* Wake on LAN */ = {isa = PBXFileReference; explicitFileType = "compiled.mach-o.executable"; includeInIndex = 0; path = "Wake on LAN"; sourceTree = BUILT_PRODUCTS_DIR; };
		5E7F8847149CB93300F1DC50 /* main.c */ = {isa = PBXFileReference; lastKnownFileType = sourcecode.c.c; path = main.c; sourceTree = "<group>"; };
		5E7F8849149CB93300F1DC50 /* Wake_on_LAN.1 */ = {isa = PBXFileReference; lastKnownFileType = text.man; path = Wake_on_LAN.1; sourceTree = "<group>"; };
		5E7F8850149CB9E800F1DC50 /* wol.c */ = {isa = PBXFileReference; fileEncoding = 4; lastKnownFileType = sourcecode.c.c; path = wol.c; sourceTree = "<group>"; };
		5E7F8852149CB9F700F1DC50 /* wol.h */ = {isa = PBXFileReference; fileEncoding = 4; lastKnownFileType = sourcecode.c.h; path = wol.h; sourceTree = "<group>"; };
/* End PBXFileReference section */

/* Begin PBXFrameworksBuildPhase section */
		5E7F8840149CB93300F1DC50 /* Frameworks */ = {
			isa = PBXFrameworksBuildPhase;
			buildActionMask = 2147483647;
			files = (
			);
			runOnlyForDeploymentPostprocessing = 0;
		};
/* End PBXFrameworksBuildPhase section */

/* Begin PBXGroup section */
		5E7F8838149CB93300F1DC50 = {
			isa = PBXGroup;
			children = (
				5E7F8846149CB93300F1DC50 /* Wake on LAN */,
				5E7F8844149CB93300F1DC50 /* Products */,
			);
			sourceTree = "<group>";
		};
		5E7F8844149CB93300F1DC50 /* Products */ = {
			isa = PBXGroup;
			children = (
				5E7F8843149CB93300F1DC50 /* Wake on LAN */,
			);
			name = Products;
			sourceTree = "<group>";
		};
		5E7F8846149CB93300F1DC50 /* Wake on LAN */ = {
			isa = PBXGroup;
			children = (
				5E7F8847149CB93300F1DC50 /* main.c */,
				5E7F8849149CB93300F1DC50 /* Wake_on_LAN.1 */,
				5E7F8850149CB9E800F1DC50 /* wol.c */,
				5E7F8852149CB9F700F1DC50 /* wol.h */,
			);
			path = "Wake on LAN";
			sourceTree = "<group>";
		};
/* End PBXGroup section */

/* Begin PBXNativeTarget section */
		5E7F8842149CB93300F1DC50 /* Wake on LAN */ = {
			isa = PBXNativeTarget;
			buildConfigurationList = 5E7F884D149CB93300F1DC50 /* Build configuration list for PBXNativeTarget "Wake on LAN" */;
			buildPhases = (
				5E7F883F149CB93300F1DC50 /* Sources */,
				5E7F8840149CB93300F1DC50 /* Frameworks */,
				5E7F8841149CB93300F1DC50 /* CopyFiles */,
			);
			buildRules = (
			);
			dependencies = (
			);
			name = "Wake on LAN";
			productName = "Wake on LAN";
			productReference = 5E7F8843149CB93300F1DC50 /* Wake on LAN */;
			productType = "com.apple.product-type.tool";
		};
/* End PBXNativeTarget section */

/* Begin PBXProject section */
		5E7F883A149CB93300F1DC50 /* Project object */ = {
			isa = PBXProject;
			attributes = {
				LastUpgradeCheck = 0420;
				ORGANIZATIONNAME = Kwasniccy;
			};
			buildConfigurationList = 5E7F883D149CB93300F1DC50 /* Build configuration list for PBXProject "Wake on LAN" */;
			compatibilityVersion = "Xcode 3.2";
			developmentRegion = English;
			hasScannedForEncodings = 0;
			knownRegions = (
				en,
			);
			mainGroup = 5E7F8838149CB93300F1DC50;
			productRefGroup = 5E7F8844149CB93300F1DC50 /* Products */;
			projectDirPath = "";
			projectRoot = "";
			targets = (
				5E7F8842149CB93300F1DC50 /* Wake on LAN */,
			);
		};
/* End PBXProject section */

/* Begin PBXSourcesBuildPhase section */
		5E7F883F149CB93300F1DC50 /* Sources */ = {
			isa = PBXSourcesBuildPhase;
			buildActionMask = 2147483647;
			files = (
				5E7F8848149CB93300F1DC50 /* main.c in Sources */,
				5E7F8851149CB9E800F1DC50 /* wol.c in Sources */,
			);
			runOnlyForDeploymentPostprocessing = 0;
		};
/* End PBXSourcesBuildPhase section */

/* Begin XCBuildConfiguration section */
		5E7F884B149CB93300F1DC50 /* Debug */ = {
			isa = XCBuildConfiguration;
			buildSettings = {
				ALWAYS_SEARCH_USER_PATHS = NO;
				ARCHS = "$(ARCHS_STANDARD_64_BIT)";
				COPY_PHASE_STRIP = NO;
				GCC_C_LANGUAGE_STANDARD = gnu99;
				GCC_DYNAMIC_NO_PIC = NO;
				GCC_ENABLE_OBJC_EXCEPTIONS = YES;
				GCC_OPTIMIZATION_LEVEL = 0;
				GCC_PREPROCESSOR_DEFINITIONS = (
					"DEBUG=1",
					"$(inherited)",
				);
				GCC_SYMBOLS_PRIVATE_EXTERN = NO;
				GCC_VERSION = com.apple.compilers.llvm.clang.1_0;
				GCC_WARN_64_TO_32_BIT_CONVERSION = YES;
				GCC_WARN_ABOUT_MISSING_PROTOTYPES = YES;
				GCC_WARN_ABOUT_RETURN_TYPE = YES;
				GCC_WARN_UNUSED_VARIABLE = YES;
				MACOSX_DEPLOYMENT_TARGET = 10.6;
				ONLY_ACTIVE_ARCH = YES;
				SDKROOT = macosx;
			};
			name = Debug;
		};
		5E7F884C149CB93300F1DC50 /* Release */ = {
			isa = XCBuildConfiguration;
			buildSettings = {
				ALWAYS_SEARCH_USER_PATHS = NO;
				ARCHS = "$(ARCHS_STANDARD_64_BIT)";
				COPY_PHASE_STRIP = YES;
				DEBUG_INFORMATION_FORMAT = "dwarf-with-dsym";
				GCC_C_LANGUAGE_STANDARD = gnu99;
				GCC_ENABLE_OBJC_EXCEPTIONS = YES;
				GCC_VERSION = com.apple.compilers.llvm.clang.1_0;
				GCC_WARN_64_TO_32_BIT_CONVERSION = YES;
				GCC_WARN_ABOUT_MISSING_PROTOTYPES = YES;
				GCC_WARN_ABOUT_RETURN_TYPE = YES;
				GCC_WARN_UNUSED_VARIABLE = YES;
				MACOSX_DEPLOYMENT_TARGET = 10.6;
				SDKROOT = macosx;
			};
			name = Release;
		};
		5E7F884E149CB93300F1DC50 /* Debug */ = {
			isa = XCBuildConfiguration;
			buildSettings = {
				PRODUCT_NAME = "$(TARGET_NAME)";
			};
			name = Debug;
		};
		5E7F884F149CB93300F1DC50 /* Release */ = {
			isa = XCBuildConfiguration;
			buildSettings = {
				PRODUCT_NAME = "$(TARGET_NAME)";
			};
			name = Release;
		};
/* End XCBuildConfiguration section */

/* Begin XCConfigurationList section */
		5E7F883D149CB93300F1DC50 /* Build configuration list for PBXProject "Wake on LAN" */ = {
			isa = XCConfigurationList;
			buildConfigurations = (
				5E7F884B149CB93300F1DC50 /* Debug */,
				5E7F884C149CB93300F1DC50 /* Release */,
			);
			defaultConfigurationIsVisible = 0;
			defaultConfigurationName = Release;
		};
		5E7F884D149CB93300F1DC50 /* Build configuration list for PBXNativeTarget "Wake on LAN" */ = {
			isa = XCConfigurationList;
			buildConfigurations = (
				5E7F884E149CB93300F1DC50 /* Debug */,
				5E7F884F149CB93300F1DC50 /* Release */,
			);
			defaultConfigurationIsVisible = 0;
		};
/* End XCConfigurationList section */
	};
	rootObject = 5E7F883A149CB93300F1DC50 /* Project object */;
}
